
Microsoft Visual Studio Solution File, Format Version 12.00
# Visual Studio Version 17
VisualStudioVersion = 17.5.33627.172
MinimumVisualStudioVersion = 10.0.40219.1
Project("{FAE04EC0-301F-11D3-BF4B-00C04F79EFBC}") = "Pdc.Domain", "Pdc.Domain\Pdc.Domain.csproj", "{997B19B2-5BE3-4BDA-BB9D-3FBBF3242BDE}"
EndProject
Project("{FAE04EC0-301F-11D3-BF4B-00C04F79EFBC}") = "Pdc.Application", "Pdc.Application\Pdc.Application.csproj", "{91D8CC6D-CC47-487C-8F2B-1435F1CFEE87}"
EndProject
Project("{FAE04EC0-301F-11D3-BF4B-00C04F79EFBC}") = "Pdc.WebAPI", "Pdc.WebAPI\Pdc.WebAPI.csproj", "{F1C52531-2E67-404A-919D-5410DDE9E3F8}"
EndProject
Project("{FAE04EC0-301F-11D3-BF4B-00C04F79EFBC}") = "Pdc.Tests", "UnitTests\Pdc.Tests.csproj", "{4BDBA0CF-9A3D-49FD-B826-055680DD4591}"
	ProjectSection(ProjectDependencies) = postProject
		{8A0FB80E-D1DF-4B0E-93BD-663ACF12EE66} = {8A0FB80E-D1DF-4B0E-93BD-663ACF12EE66}
		{F1C52531-2E67-404A-919D-5410DDE9E3F8} = {F1C52531-2E67-404A-919D-5410DDE9E3F8}
	EndProjectSection
EndProject
Project("{FAE04EC0-301F-11D3-BF4B-00C04F79EFBC}") = "Pdc.Infrastructure", "Pdc.Infrastructure\Pdc.Infrastructure.csproj", "{8A0FB80E-D1DF-4B0E-93BD-663ACF12EE66}"
EndProject
Global
	GlobalSection(SolutionConfigurationPlatforms) = preSolution
		Debug|Any CPU = Debug|Any CPU
		Release|Any CPU = Release|Any CPU
	EndGlobalSection
	GlobalSection(ProjectConfigurationPlatforms) = postSolution
		{997B19B2-5BE3-4BDA-BB9D-3FBBF3242BDE}.Debug|Any CPU.ActiveCfg = Debug|Any CPU
		{997B19B2-5BE3-4BDA-BB9D-3FBBF3242BDE}.Debug|Any CPU.Build.0 = Debug|Any CPU
		{997B19B2-5BE3-4BDA-BB9D-3FBBF3242BDE}.Release|Any CPU.ActiveCfg = Release|Any CPU
		{997B19B2-5BE3-4BDA-BB9D-3FBBF3242BDE}.Release|Any CPU.Build.0 = Release|Any CPU
		{91D8CC6D-CC47-487C-8F2B-1435F1CFEE87}.Debug|Any CPU.ActiveCfg = Debug|Any CPU
		{91D8CC6D-CC47-487C-8F2B-1435F1CFEE87}.Debug|Any CPU.Build.0 = Debug|Any CPU
		{91D8CC6D-CC47-487C-8F2B-1435F1CFEE87}.Release|Any CPU.ActiveCfg = Release|Any CPU
		{91D8CC6D-CC47-487C-8F2B-1435F1CFEE87}.Release|Any CPU.Build.0 = Release|Any CPU
		{F1C52531-2E67-404A-919D-5410DDE9E3F8}.Debug|Any CPU.ActiveCfg = Debug|Any CPU
		{F1C52531-2E67-404A-919D-5410DDE9E3F8}.Debug|Any CPU.Build.0 = Debug|Any CPU
		{F1C52531-2E67-404A-919D-5410DDE9E3F8}.Release|Any CPU.ActiveCfg = Release|Any CPU
		{F1C52531-2E67-404A-919D-5410DDE9E3F8}.Release|Any CPU.Build.0 = Release|Any CPU
		{4BDBA0CF-9A3D-49FD-B826-055680DD4591}.Debug|Any CPU.ActiveCfg = Debug|Any CPU
		{4BDBA0CF-9A3D-49FD-B826-055680DD4591}.Debug|Any CPU.Build.0 = Debug|Any CPU
		{4BDBA0CF-9A3D-49FD-B826-055680DD4591}.Release|Any CPU.ActiveCfg = Release|Any CPU
		{4BDBA0CF-9A3D-49FD-B826-055680DD4591}.Release|Any CPU.Build.0 = Release|Any CPU
		{8A0FB80E-D1DF-4B0E-93BD-663ACF12EE66}.Debug|Any CPU.ActiveCfg = Debug|Any CPU
		{8A0FB80E-D1DF-4B0E-93BD-663ACF12EE66}.Debug|Any CPU.Build.0 = Debug|Any CPU
		{8A0FB80E-D1DF-4B0E-93BD-663ACF12EE66}.Release|Any CPU.ActiveCfg = Release|Any CPU
		{8A0FB80E-D1DF-4B0E-93BD-663ACF12EE66}.Release|Any CPU.Build.0 = Release|Any CPU
	EndGlobalSection
	GlobalSection(SolutionProperties) = preSolution
		HideSolutionNode = FALSE
	EndGlobalSection
	GlobalSection(ExtensibilityGlobals) = postSolution
		SolutionGuid = {E5BBFA97-17C1-456F-89A4-52995F5C9AB2}
	EndGlobalSection
EndGlobal
